
Microsoft Visual Studio Solution File, Format Version 12.00
# Visual Studio 15
VisualStudioVersion = 15.0.27004.2002
MinimumVisualStudioVersion = 10.0.40219.1
Project("{FAE04EC0-301F-11D3-BF4B-00C04F79EFBC}") = "ConsoleApp1", "ConsoleApp1\ConsoleApp1.csproj", "{5E1061D6-E132-43EC-AC1B-C062A4426480}"
EndProject
Global
	GlobalSection(SolutionConfigurationPlatforms) = preSolution
		Debug|Any CPU = Debug|Any CPU
		Release|Any CPU = Release|Any CPU
	EndGlobalSection
	GlobalSection(ProjectConfigurationPlatforms) = postSolution
		{5E1061D6-E132-43EC-AC1B-C062A4426480}.Debug|Any CPU.ActiveCfg = Debug|Any CPU
		{5E1061D6-E132-43EC-AC1B-C062A4426480}.Debug|Any CPU.Build.0 = Debug|Any CPU
		{5E1061D6-E132-43EC-AC1B-C062A4426480}.Release|Any CPU.ActiveCfg = Release|Any CPU
		{5E1061D6-E132-43EC-AC1B-C062A4426480}.Release|Any CPU.Build.0 = Release|Any CPU
	EndGlobalSection
	GlobalSection(SolutionProperties) = preSolution
		HideSolutionNode = FALSE
	EndGlobalSection
	GlobalSection(ExtensibilityGlobals) = postSolution
		SolutionGuid = {411CFC16-3437-4241-B32B-8B453EA446AD}
	EndGlobalSection
EndGlobal
